// !$*UTF8*$!
{
	archiveVersion = 1;
	classes = {
	};
	objectVersion = 50;
	objects = {

/* Begin PBXBuildFile section */
		040F461E2432E76E00321B75 /* FileDownloadTableViewModel.m in Sources */ = {isa = PBXBuildFile; fileRef = 040F461D2432E76E00321B75 /* FileDownloadTableViewModel.m */; };
		040F461F2432E76E00321B75 /* FileDownloadTableViewModel.m in Sources */ = {isa = PBXBuildFile; fileRef = 040F461D2432E76E00321B75 /* FileDownloadTableViewModel.m */; };
		0417EF26242DD0CA00587BE1 /* AppDelegate.m in Sources */ = {isa = PBXBuildFile; fileRef = 0417EF25242DD0CA00587BE1 /* AppDelegate.m */; };
		0417EF29242DD0CA00587BE1 /* SceneDelegate.m in Sources */ = {isa = PBXBuildFile; fileRef = 0417EF28242DD0CA00587BE1 /* SceneDelegate.m */; };
		0417EF32242DD0CA00587BE1 /* Zalo_File_Download_Manager.xcdatamodeld in Sources */ = {isa = PBXBuildFile; fileRef = 0417EF30242DD0CA00587BE1 /* Zalo_File_Download_Manager.xcdatamodeld */; };
		0417EF34242DD0CA00587BE1 /* Assets.xcassets in Resources */ = {isa = PBXBuildFile; fileRef = 0417EF33242DD0CA00587BE1 /* Assets.xcassets */; };
		0417EF37242DD0CA00587BE1 /* LaunchScreen.storyboard in Resources */ = {isa = PBXBuildFile; fileRef = 0417EF35242DD0CA00587BE1 /* LaunchScreen.storyboard */; };
		0417EF3A242DD0CA00587BE1 /* main.m in Sources */ = {isa = PBXBuildFile; fileRef = 0417EF39242DD0CA00587BE1 /* main.m */; };
		0417EF44242DD0CA00587BE1 /* Zalo_File_Download_ManagerTests.m in Sources */ = {isa = PBXBuildFile; fileRef = 0417EF43242DD0CA00587BE1 /* Zalo_File_Download_ManagerTests.m */; };
		0417EF55242DD15300587BE1 /* MainViewController.m in Sources */ = {isa = PBXBuildFile; fileRef = 0417EF54242DD15300587BE1 /* MainViewController.m */; };
		0417EF56242DD15300587BE1 /* MainViewController.m in Sources */ = {isa = PBXBuildFile; fileRef = 0417EF54242DD15300587BE1 /* MainViewController.m */; };
		043E163C24323B63003CDE74 /* NICommonMetrics.m in Sources */ = {isa = PBXBuildFile; fileRef = 043E15F924323B63003CDE74 /* NICommonMetrics.m */; };
		043E163D24323B63003CDE74 /* NIViewRecycler.m in Sources */ = {isa = PBXBuildFile; fileRef = 043E15FA24323B63003CDE74 /* NIViewRecycler.m */; };
		043E163E24323B63003CDE74 /* NIOperations.m in Sources */ = {isa = PBXBuildFile; fileRef = 043E15FE24323B63003CDE74 /* NIOperations.m */; };
		043E163F24323B63003CDE74 /* NINetworkActivity.m in Sources */ = {isa = PBXBuildFile; fileRef = 043E160024323B63003CDE74 /* NINetworkActivity.m */; };
		043E164024323B63003CDE74 /* NIDeviceOrientation.m in Sources */ = {isa = PBXBuildFile; fileRef = 043E160224323B63003CDE74 /* NIDeviceOrientation.m */; };
		043E164124323B63003CDE74 /* NIError.m in Sources */ = {isa = PBXBuildFile; fileRef = 043E160724323B63003CDE74 /* NIError.m */; };
		043E164224323B63003CDE74 /* UIResponder+NimbusCore.m in Sources */ = {isa = PBXBuildFile; fileRef = 043E160824323B63003CDE74 /* UIResponder+NimbusCore.m */; };
		043E164324323B63003CDE74 /* NINonRetainingCollections.m in Sources */ = {isa = PBXBuildFile; fileRef = 043E160C24323B63003CDE74 /* NINonRetainingCollections.m */; };
		043E164424323B63003CDE74 /* NIRuntimeClassModifications.m in Sources */ = {isa = PBXBuildFile; fileRef = 043E160E24323B63003CDE74 /* NIRuntimeClassModifications.m */; };
		043E164524323B63003CDE74 /* NIButtonUtilities.m in Sources */ = {isa = PBXBuildFile; fileRef = 043E161024323B63003CDE74 /* NIButtonUtilities.m */; };
		043E164624323B63003CDE74 /* NINonEmptyCollectionTesting.m in Sources */ = {isa = PBXBuildFile; fileRef = 043E161324323B63003CDE74 /* NINonEmptyCollectionTesting.m */; };
		043E164724323B63003CDE74 /* NIState.m in Sources */ = {isa = PBXBuildFile; fileRef = 043E161524323B63003CDE74 /* NIState.m */; };
		043E164824323B63003CDE74 /* NIImageUtilities.m in Sources */ = {isa = PBXBuildFile; fileRef = 043E161724323B63003CDE74 /* NIImageUtilities.m */; };
		043E164924323B63003CDE74 /* NIPaths.m in Sources */ = {isa = PBXBuildFile; fileRef = 043E161824323B63003CDE74 /* NIPaths.m */; };
		043E164A24323B63003CDE74 /* NIFoundationMethods.m in Sources */ = {isa = PBXBuildFile; fileRef = 043E161924323B63003CDE74 /* NIFoundationMethods.m */; };
		043E164B24323B63003CDE74 /* NIDebuggingTools.m in Sources */ = {isa = PBXBuildFile; fileRef = 043E161B24323B63003CDE74 /* NIDebuggingTools.m */; };
		043E164C24323B63003CDE74 /* NIInMemoryCache.m in Sources */ = {isa = PBXBuildFile; fileRef = 043E161C24323B63003CDE74 /* NIInMemoryCache.m */; };
		043E164D24323B63003CDE74 /* NIActions.m in Sources */ = {isa = PBXBuildFile; fileRef = 043E161F24323B63003CDE74 /* NIActions.m */; };
		043E164E24323B63003CDE74 /* NISnapshotRotation.m in Sources */ = {isa = PBXBuildFile; fileRef = 043E162024323B63003CDE74 /* NISnapshotRotation.m */; };
		043E164F24323B63003CDE74 /* NISDKAvailability.m in Sources */ = {isa = PBXBuildFile; fileRef = 043E162124323B63003CDE74 /* NISDKAvailability.m */; };
		043E165024323B63003CDE74 /* NICellCatalog.m in Sources */ = {isa = PBXBuildFile; fileRef = 043E162824323B63003CDE74 /* NICellCatalog.m */; };
		043E165124323B63003CDE74 /* NITableViewActions.m in Sources */ = {isa = PBXBuildFile; fileRef = 043E162924323B63003CDE74 /* NITableViewActions.m */; };
		043E165224323B63003CDE74 /* NIRadioGroupController.m in Sources */ = {isa = PBXBuildFile; fileRef = 043E162A24323B63003CDE74 /* NIRadioGroupController.m */; };
		043E165324323B63003CDE74 /* NIRadioGroup.m in Sources */ = {isa = PBXBuildFile; fileRef = 043E162E24323B63003CDE74 /* NIRadioGroup.m */; };
		043E165424323B63003CDE74 /* NICellFactory.m in Sources */ = {isa = PBXBuildFile; fileRef = 043E163424323B63003CDE74 /* NICellFactory.m */; };
		043E165524323B63003CDE74 /* NIMutableTableViewModel.m in Sources */ = {isa = PBXBuildFile; fileRef = 043E163524323B63003CDE74 /* NIMutableTableViewModel.m */; };
		043E165624323B63003CDE74 /* NITableViewModel.m in Sources */ = {isa = PBXBuildFile; fileRef = 043E163824323B63003CDE74 /* NITableViewModel.m */; };
		043E165724323B63003CDE74 /* NICellBackgrounds.m in Sources */ = {isa = PBXBuildFile; fileRef = 043E163924323B63003CDE74 /* NICellBackgrounds.m */; };
		043E165824323B63003CDE74 /* NIFormCellCatalog.m in Sources */ = {isa = PBXBuildFile; fileRef = 043E163A24323B63003CDE74 /* NIFormCellCatalog.m */; };
		043E165C24323BAD003CDE74 /* FileDownloadViewModel.m in Sources */ = {isa = PBXBuildFile; fileRef = 043E165B24323BAD003CDE74 /* FileDownloadViewModel.m */; };
		043E165D24323BAD003CDE74 /* FileDownloadViewModel.m in Sources */ = {isa = PBXBuildFile; fileRef = 043E165B24323BAD003CDE74 /* FileDownloadViewModel.m */; };
		045A31282438C78000F9E887 /* TaskOperator.m in Sources */ = {isa = PBXBuildFile; fileRef = 045A31272438C78000F9E887 /* TaskOperator.m */; };
		045A31292438C78000F9E887 /* TaskOperator.m in Sources */ = {isa = PBXBuildFile; fileRef = 045A31272438C78000F9E887 /* TaskOperator.m */; };
		04B501A1243A14FE002AF22F /* FileDownloadItem.m in Sources */ = {isa = PBXBuildFile; fileRef = 04B501A0243A14FE002AF22F /* FileDownloadItem.m */; };
		04B501A2243A14FE002AF22F /* FileDownloadItem.m in Sources */ = {isa = PBXBuildFile; fileRef = 04B501A0243A14FE002AF22F /* FileDownloadItem.m */; };
		04B501A5243A1840002AF22F /* TaskOperatorManager.m in Sources */ = {isa = PBXBuildFile; fileRef = 04B501A4243A1840002AF22F /* TaskOperatorManager.m */; };
		04B501A6243A1840002AF22F /* TaskOperatorManager.m in Sources */ = {isa = PBXBuildFile; fileRef = 04B501A4243A1840002AF22F /* TaskOperatorManager.m */; };
		04B501A9243A239E002AF22F /* FileDownloadManager.m in Sources */ = {isa = PBXBuildFile; fileRef = 04B501A8243A239E002AF22F /* FileDownloadManager.m */; };
		04B501AA243A239E002AF22F /* FileDownloadManager.m in Sources */ = {isa = PBXBuildFile; fileRef = 04B501A8243A239E002AF22F /* FileDownloadManager.m */; };
		04E165DA2439A330006FE6F1 /* FileDownloadOperator.m in Sources */ = {isa = PBXBuildFile; fileRef = 04E165D92439A330006FE6F1 /* FileDownloadOperator.m */; };
		04E165DB2439A330006FE6F1 /* FileDownloadOperator.m in Sources */ = {isa = PBXBuildFile; fileRef = 04E165D92439A330006FE6F1 /* FileDownloadOperator.m */; };
		04E84FB924323F5C004557A3 /* FileDownloadCell.m in Sources */ = {isa = PBXBuildFile; fileRef = 04E84FB824323F5C004557A3 /* FileDownloadCell.m */; };
		04E84FBA24323F5C004557A3 /* FileDownloadCell.m in Sources */ = {isa = PBXBuildFile; fileRef = 04E84FB824323F5C004557A3 /* FileDownloadCell.m */; };
		04F79D8124336F7E00517235 /* DownloadDataCache.m in Sources */ = {isa = PBXBuildFile; fileRef = 04F79D8024336F7E00517235 /* DownloadDataCache.m */; };
		04F79D8224336F7E00517235 /* DownloadDataCache.m in Sources */ = {isa = PBXBuildFile; fileRef = 04F79D8024336F7E00517235 /* DownloadDataCache.m */; };
/* End PBXBuildFile section */

/* Begin PBXContainerItemProxy section */
		0417EF40242DD0CA00587BE1 /* PBXContainerItemProxy */ = {
			isa = PBXContainerItemProxy;
			containerPortal = 0417EF19242DD0CA00587BE1 /* Project object */;
			proxyType = 1;
			remoteGlobalIDString = 0417EF20242DD0CA00587BE1;
			remoteInfo = "Zalo-File Download Manager";
		};
/* End PBXContainerItemProxy section */

/* Begin PBXFileReference section */
		040F461C2432E76E00321B75 /* FileDownloadTableViewModel.h */ = {isa = PBXFileReference; lastKnownFileType = sourcecode.c.h; path = FileDownloadTableViewModel.h; sourceTree = "<group>"; };
		040F461D2432E76E00321B75 /* FileDownloadTableViewModel.m */ = {isa = PBXFileReference; lastKnownFileType = sourcecode.c.objc; path = FileDownloadTableViewModel.m; sourceTree = "<group>"; };
		0417EF21242DD0CA00587BE1 /* Zalo-File Download Manager.app */ = {isa = PBXFileReference; explicitFileType = wrapper.application; includeInIndex = 0; path = "Zalo-File Download Manager.app"; sourceTree = BUILT_PRODUCTS_DIR; };
		0417EF24242DD0CA00587BE1 /* AppDelegate.h */ = {isa = PBXFileReference; lastKnownFileType = sourcecode.c.h; path = AppDelegate.h; sourceTree = "<group>"; };
		0417EF25242DD0CA00587BE1 /* AppDelegate.m */ = {isa = PBXFileReference; lastKnownFileType = sourcecode.c.objc; path = AppDelegate.m; sourceTree = "<group>"; };
		0417EF27242DD0CA00587BE1 /* SceneDelegate.h */ = {isa = PBXFileReference; lastKnownFileType = sourcecode.c.h; path = SceneDelegate.h; sourceTree = "<group>"; };
		0417EF28242DD0CA00587BE1 /* SceneDelegate.m */ = {isa = PBXFileReference; lastKnownFileType = sourcecode.c.objc; path = SceneDelegate.m; sourceTree = "<group>"; };
		0417EF31242DD0CA00587BE1 /* Zalo_File_Download_Manager.xcdatamodel */ = {isa = PBXFileReference; lastKnownFileType = wrapper.xcdatamodel; path = Zalo_File_Download_Manager.xcdatamodel; sourceTree = "<group>"; };
		0417EF33242DD0CA00587BE1 /* Assets.xcassets */ = {isa = PBXFileReference; lastKnownFileType = folder.assetcatalog; path = Assets.xcassets; sourceTree = "<group>"; };
		0417EF36242DD0CA00587BE1 /* Base */ = {isa = PBXFileReference; lastKnownFileType = file.storyboard; name = Base; path = Base.lproj/LaunchScreen.storyboard; sourceTree = "<group>"; };
		0417EF38242DD0CA00587BE1 /* Info.plist */ = {isa = PBXFileReference; lastKnownFileType = text.plist.xml; path = Info.plist; sourceTree = "<group>"; };
		0417EF39242DD0CA00587BE1 /* main.m */ = {isa = PBXFileReference; lastKnownFileType = sourcecode.c.objc; path = main.m; sourceTree = "<group>"; };
		0417EF3F242DD0CA00587BE1 /* Zalo-File Download ManagerTests.xctest */ = {isa = PBXFileReference; explicitFileType = wrapper.cfbundle; includeInIndex = 0; path = "Zalo-File Download ManagerTests.xctest"; sourceTree = BUILT_PRODUCTS_DIR; };
		0417EF43242DD0CA00587BE1 /* Zalo_File_Download_ManagerTests.m */ = {isa = PBXFileReference; lastKnownFileType = sourcecode.c.objc; path = Zalo_File_Download_ManagerTests.m; sourceTree = "<group>"; };
		0417EF45242DD0CA00587BE1 /* Info.plist */ = {isa = PBXFileReference; lastKnownFileType = text.plist.xml; path = Info.plist; sourceTree = "<group>"; };
		0417EF53242DD15300587BE1 /* MainViewController.h */ = {isa = PBXFileReference; lastKnownFileType = sourcecode.c.h; path = MainViewController.h; sourceTree = "<group>"; };
		0417EF54242DD15300587BE1 /* MainViewController.m */ = {isa = PBXFileReference; lastKnownFileType = sourcecode.c.objc; path = MainViewController.m; sourceTree = "<group>"; };
		043E15F824323B63003CDE74 /* NINonEmptyCollectionTesting.h */ = {isa = PBXFileReference; fileEncoding = 4; lastKnownFileType = sourcecode.c.h; path = NINonEmptyCollectionTesting.h; sourceTree = "<group>"; };
		043E15F924323B63003CDE74 /* NICommonMetrics.m */ = {isa = PBXFileReference; fileEncoding = 4; lastKnownFileType = sourcecode.c.objc; path = NICommonMetrics.m; sourceTree = "<group>"; };
		043E15FA24323B63003CDE74 /* NIViewRecycler.m */ = {isa = PBXFileReference; fileEncoding = 4; lastKnownFileType = sourcecode.c.objc; path = NIViewRecycler.m; sourceTree = "<group>"; };
		043E15FB24323B63003CDE74 /* NIPreprocessorMacros.h */ = {isa = PBXFileReference; fileEncoding = 4; lastKnownFileType = sourcecode.c.h; path = NIPreprocessorMacros.h; sourceTree = "<group>"; };
		043E15FC24323B63003CDE74 /* NIButtonUtilities.h */ = {isa = PBXFileReference; fileEncoding = 4; lastKnownFileType = sourcecode.c.h; path = NIButtonUtilities.h; sourceTree = "<group>"; };
		043E15FD24323B63003CDE74 /* NIRuntimeClassModifications.h */ = {isa = PBXFileReference; fileEncoding = 4; lastKnownFileType = sourcecode.c.h; path = NIRuntimeClassModifications.h; sourceTree = "<group>"; };
		043E15FE24323B63003CDE74 /* NIOperations.m */ = {isa = PBXFileReference; fileEncoding = 4; lastKnownFileType = sourcecode.c.objc; path = NIOperations.m; sourceTree = "<group>"; };
		043E15FF24323B63003CDE74 /* NIState.h */ = {isa = PBXFileReference; fileEncoding = 4; lastKnownFileType = sourcecode.c.h; path = NIState.h; sourceTree = "<group>"; };
		043E160024323B63003CDE74 /* NINetworkActivity.m */ = {isa = PBXFileReference; fileEncoding = 4; lastKnownFileType = sourcecode.c.objc; path = NINetworkActivity.m; sourceTree = "<group>"; };
		043E160124323B63003CDE74 /* NIDebuggingTools.h */ = {isa = PBXFileReference; fileEncoding = 4; lastKnownFileType = sourcecode.c.h; path = NIDebuggingTools.h; sourceTree = "<group>"; };
		043E160224323B63003CDE74 /* NIDeviceOrientation.m */ = {isa = PBXFileReference; fileEncoding = 4; lastKnownFileType = sourcecode.c.objc; path = NIDeviceOrientation.m; sourceTree = "<group>"; };
		043E160324323B63003CDE74 /* NimbusCore+Additions.h */ = {isa = PBXFileReference; fileEncoding = 4; lastKnownFileType = sourcecode.c.h; path = "NimbusCore+Additions.h"; sourceTree = "<group>"; };
		043E160424323B63003CDE74 /* NIFoundationMethods.h */ = {isa = PBXFileReference; fileEncoding = 4; lastKnownFileType = sourcecode.c.h; path = NIFoundationMethods.h; sourceTree = "<group>"; };
		043E160524323B63003CDE74 /* NIPaths.h */ = {isa = PBXFileReference; fileEncoding = 4; lastKnownFileType = sourcecode.c.h; path = NIPaths.h; sourceTree = "<group>"; };
		043E160624323B63003CDE74 /* NIImageUtilities.h */ = {isa = PBXFileReference; fileEncoding = 4; lastKnownFileType = sourcecode.c.h; path = NIImageUtilities.h; sourceTree = "<group>"; };
		043E160724323B63003CDE74 /* NIError.m */ = {isa = PBXFileReference; fileEncoding = 4; lastKnownFileType = sourcecode.c.objc; path = NIError.m; sourceTree = "<group>"; };
		043E160824323B63003CDE74 /* UIResponder+NimbusCore.m */ = {isa = PBXFileReference; fileEncoding = 4; lastKnownFileType = sourcecode.c.objc; path = "UIResponder+NimbusCore.m"; sourceTree = "<group>"; };
		043E160924323B63003CDE74 /* NISDKAvailability.h */ = {isa = PBXFileReference; fileEncoding = 4; lastKnownFileType = sourcecode.c.h; path = NISDKAvailability.h; sourceTree = "<group>"; };
		043E160A24323B63003CDE74 /* NISnapshotRotation.h */ = {isa = PBXFileReference; fileEncoding = 4; lastKnownFileType = sourcecode.c.h; path = NISnapshotRotation.h; sourceTree = "<group>"; };
		043E160B24323B63003CDE74 /* NIActions.h */ = {isa = PBXFileReference; fileEncoding = 4; lastKnownFileType = sourcecode.c.h; path = NIActions.h; sourceTree = "<group>"; };
		043E160C24323B63003CDE74 /* NINonRetainingCollections.m */ = {isa = PBXFileReference; fileEncoding = 4; lastKnownFileType = sourcecode.c.objc; path = NINonRetainingCollections.m; sourceTree = "<group>"; };
		043E160D24323B63003CDE74 /* NIInMemoryCache.h */ = {isa = PBXFileReference; fileEncoding = 4; lastKnownFileType = sourcecode.c.h; path = NIInMemoryCache.h; sourceTree = "<group>"; };
		043E160E24323B63003CDE74 /* NIRuntimeClassModifications.m */ = {isa = PBXFileReference; fileEncoding = 4; lastKnownFileType = sourcecode.c.objc; path = NIRuntimeClassModifications.m; sourceTree = "<group>"; };
		043E160F24323B63003CDE74 /* NimbusCore.h */ = {isa = PBXFileReference; fileEncoding = 4; lastKnownFileType = sourcecode.c.h; path = NimbusCore.h; sourceTree = "<group>"; };
		043E161024323B63003CDE74 /* NIButtonUtilities.m */ = {isa = PBXFileReference; fileEncoding = 4; lastKnownFileType = sourcecode.c.objc; path = NIButtonUtilities.m; sourceTree = "<group>"; };
		043E161124323B63003CDE74 /* NIViewRecycler.h */ = {isa = PBXFileReference; fileEncoding = 4; lastKnownFileType = sourcecode.c.h; path = NIViewRecycler.h; sourceTree = "<group>"; };
		043E161224323B63003CDE74 /* NICommonMetrics.h */ = {isa = PBXFileReference; fileEncoding = 4; lastKnownFileType = sourcecode.c.h; path = NICommonMetrics.h; sourceTree = "<group>"; };
		043E161324323B63003CDE74 /* NINonEmptyCollectionTesting.m */ = {isa = PBXFileReference; fileEncoding = 4; lastKnownFileType = sourcecode.c.objc; path = NINonEmptyCollectionTesting.m; sourceTree = "<group>"; };
		043E161424323B63003CDE74 /* NINetworkActivity.h */ = {isa = PBXFileReference; fileEncoding = 4; lastKnownFileType = sourcecode.c.h; path = NINetworkActivity.h; sourceTree = "<group>"; };
		043E161524323B63003CDE74 /* NIState.m */ = {isa = PBXFileReference; fileEncoding = 4; lastKnownFileType = sourcecode.c.objc; path = NIState.m; sourceTree = "<group>"; };
		043E161624323B63003CDE74 /* NIOperations.h */ = {isa = PBXFileReference; fileEncoding = 4; lastKnownFileType = sourcecode.c.h; path = NIOperations.h; sourceTree = "<group>"; };
		043E161724323B63003CDE74 /* NIImageUtilities.m */ = {isa = PBXFileReference; fileEncoding = 4; lastKnownFileType = sourcecode.c.objc; path = NIImageUtilities.m; sourceTree = "<group>"; };
		043E161824323B63003CDE74 /* NIPaths.m */ = {isa = PBXFileReference; fileEncoding = 4; lastKnownFileType = sourcecode.c.objc; path = NIPaths.m; sourceTree = "<group>"; };
		043E161924323B63003CDE74 /* NIFoundationMethods.m */ = {isa = PBXFileReference; fileEncoding = 4; lastKnownFileType = sourcecode.c.objc; path = NIFoundationMethods.m; sourceTree = "<group>"; };
		043E161A24323B63003CDE74 /* NIDeviceOrientation.h */ = {isa = PBXFileReference; fileEncoding = 4; lastKnownFileType = sourcecode.c.h; path = NIDeviceOrientation.h; sourceTree = "<group>"; };
		043E161B24323B63003CDE74 /* NIDebuggingTools.m */ = {isa = PBXFileReference; fileEncoding = 4; lastKnownFileType = sourcecode.c.objc; path = NIDebuggingTools.m; sourceTree = "<group>"; };
		043E161C24323B63003CDE74 /* NIInMemoryCache.m */ = {isa = PBXFileReference; fileEncoding = 4; lastKnownFileType = sourcecode.c.objc; path = NIInMemoryCache.m; sourceTree = "<group>"; };
		043E161D24323B63003CDE74 /* NIOperations+Subclassing.h */ = {isa = PBXFileReference; fileEncoding = 4; lastKnownFileType = sourcecode.c.h; path = "NIOperations+Subclassing.h"; sourceTree = "<group>"; };
		043E161E24323B63003CDE74 /* NINonRetainingCollections.h */ = {isa = PBXFileReference; fileEncoding = 4; lastKnownFileType = sourcecode.c.h; path = NINonRetainingCollections.h; sourceTree = "<group>"; };
		043E161F24323B63003CDE74 /* NIActions.m */ = {isa = PBXFileReference; fileEncoding = 4; lastKnownFileType = sourcecode.c.objc; path = NIActions.m; sourceTree = "<group>"; };
		043E162024323B63003CDE74 /* NISnapshotRotation.m */ = {isa = PBXFileReference; fileEncoding = 4; lastKnownFileType = sourcecode.c.objc; path = NISnapshotRotation.m; sourceTree = "<group>"; };
		043E162124323B63003CDE74 /* NISDKAvailability.m */ = {isa = PBXFileReference; fileEncoding = 4; lastKnownFileType = sourcecode.c.objc; path = NISDKAvailability.m; sourceTree = "<group>"; };
		043E162224323B63003CDE74 /* UIResponder+NimbusCore.h */ = {isa = PBXFileReference; fileEncoding = 4; lastKnownFileType = sourcecode.c.h; path = "UIResponder+NimbusCore.h"; sourceTree = "<group>"; };
		043E162324323B63003CDE74 /* NIError.h */ = {isa = PBXFileReference; fileEncoding = 4; lastKnownFileType = sourcecode.c.h; path = NIError.h; sourceTree = "<group>"; };
		043E162424323B63003CDE74 /* NIActions+Subclassing.h */ = {isa = PBXFileReference; fileEncoding = 4; lastKnownFileType = sourcecode.c.h; path = "NIActions+Subclassing.h"; sourceTree = "<group>"; };
		043E162624323B63003CDE74 /* NIMutableTableViewModel.h */ = {isa = PBXFileReference; fileEncoding = 4; lastKnownFileType = sourcecode.c.h; path = NIMutableTableViewModel.h; sourceTree = "<group>"; };
		043E162724323B63003CDE74 /* NICellFactory.h */ = {isa = PBXFileReference; fileEncoding = 4; lastKnownFileType = sourcecode.c.h; path = NICellFactory.h; sourceTree = "<group>"; };
		043E162824323B63003CDE74 /* NICellCatalog.m */ = {isa = PBXFileReference; fileEncoding = 4; lastKnownFileType = sourcecode.c.objc; path = NICellCatalog.m; sourceTree = "<group>"; };
		043E162924323B63003CDE74 /* NITableViewActions.m */ = {isa = PBXFileReference; fileEncoding = 4; lastKnownFileType = sourcecode.c.objc; path = NITableViewActions.m; sourceTree = "<group>"; };
		043E162A24323B63003CDE74 /* NIRadioGroupController.m */ = {isa = PBXFileReference; fileEncoding = 4; lastKnownFileType = sourcecode.c.objc; path = NIRadioGroupController.m; sourceTree = "<group>"; };
		043E162B24323B63003CDE74 /* NICellFactory+Private.h */ = {isa = PBXFileReference; fileEncoding = 4; lastKnownFileType = sourcecode.c.h; path = "NICellFactory+Private.h"; sourceTree = "<group>"; };
		043E162C24323B63003CDE74 /* NITableViewModel.h */ = {isa = PBXFileReference; fileEncoding = 4; lastKnownFileType = sourcecode.c.h; path = NITableViewModel.h; sourceTree = "<group>"; };
		043E162D24323B63003CDE74 /* NITableViewModel+Private.h */ = {isa = PBXFileReference; fileEncoding = 4; lastKnownFileType = sourcecode.c.h; path = "NITableViewModel+Private.h"; sourceTree = "<group>"; };
		043E162E24323B63003CDE74 /* NIRadioGroup.m */ = {isa = PBXFileReference; fileEncoding = 4; lastKnownFileType = sourcecode.c.objc; path = NIRadioGroup.m; sourceTree = "<group>"; };
		043E162F24323B63003CDE74 /* NIFormCellCatalog.h */ = {isa = PBXFileReference; fileEncoding = 4; lastKnownFileType = sourcecode.c.h; path = NIFormCellCatalog.h; sourceTree = "<group>"; };
		043E163024323B63003CDE74 /* NimbusModels.h */ = {isa = PBXFileReference; fileEncoding = 4; lastKnownFileType = sourcecode.c.h; path = NimbusModels.h; sourceTree = "<group>"; };
		043E163124323B63003CDE74 /* NICellBackgrounds.h */ = {isa = PBXFileReference; fileEncoding = 4; lastKnownFileType = sourcecode.c.h; path = NICellBackgrounds.h; sourceTree = "<group>"; };
		043E163224323B63003CDE74 /* NITableViewActions.h */ = {isa = PBXFileReference; fileEncoding = 4; lastKnownFileType = sourcecode.c.h; path = NITableViewActions.h; sourceTree = "<group>"; };
		043E163324323B63003CDE74 /* NICellCatalog.h */ = {isa = PBXFileReference; fileEncoding = 4; lastKnownFileType = sourcecode.c.h; path = NICellCatalog.h; sourceTree = "<group>"; };
		043E163424323B63003CDE74 /* NICellFactory.m */ = {isa = PBXFileReference; fileEncoding = 4; lastKnownFileType = sourcecode.c.objc; path = NICellFactory.m; sourceTree = "<group>"; };
		043E163524323B63003CDE74 /* NIMutableTableViewModel.m */ = {isa = PBXFileReference; fileEncoding = 4; lastKnownFileType = sourcecode.c.objc; path = NIMutableTableViewModel.m; sourceTree = "<group>"; };
		043E163624323B63003CDE74 /* NIRadioGroupController.h */ = {isa = PBXFileReference; fileEncoding = 4; lastKnownFileType = sourcecode.c.h; path = NIRadioGroupController.h; sourceTree = "<group>"; };
		043E163724323B63003CDE74 /* NIMutableTableViewModel+Private.h */ = {isa = PBXFileReference; fileEncoding = 4; lastKnownFileType = sourcecode.c.h; path = "NIMutableTableViewModel+Private.h"; sourceTree = "<group>"; };
		043E163824323B63003CDE74 /* NITableViewModel.m */ = {isa = PBXFileReference; fileEncoding = 4; lastKnownFileType = sourcecode.c.objc; path = NITableViewModel.m; sourceTree = "<group>"; };
		043E163924323B63003CDE74 /* NICellBackgrounds.m */ = {isa = PBXFileReference; fileEncoding = 4; lastKnownFileType = sourcecode.c.objc; path = NICellBackgrounds.m; sourceTree = "<group>"; };
		043E163A24323B63003CDE74 /* NIFormCellCatalog.m */ = {isa = PBXFileReference; fileEncoding = 4; lastKnownFileType = sourcecode.c.objc; path = NIFormCellCatalog.m; sourceTree = "<group>"; };
		043E163B24323B63003CDE74 /* NIRadioGroup.h */ = {isa = PBXFileReference; fileEncoding = 4; lastKnownFileType = sourcecode.c.h; path = NIRadioGroup.h; sourceTree = "<group>"; };
		043E165A24323BAD003CDE74 /* FileDownloadViewModel.h */ = {isa = PBXFileReference; lastKnownFileType = sourcecode.c.h; path = FileDownloadViewModel.h; sourceTree = "<group>"; };
		043E165B24323BAD003CDE74 /* FileDownloadViewModel.m */ = {isa = PBXFileReference; lastKnownFileType = sourcecode.c.objc; path = FileDownloadViewModel.m; sourceTree = "<group>"; };
		043E165E24323C2C003CDE74 /* AppConsts.h */ = {isa = PBXFileReference; lastKnownFileType = sourcecode.c.h; path = AppConsts.h; sourceTree = "<group>"; };
		045A31262438C78000F9E887 /* TaskOperator.h */ = {isa = PBXFileReference; lastKnownFileType = sourcecode.c.h; path = TaskOperator.h; sourceTree = "<group>"; };
		045A31272438C78000F9E887 /* TaskOperator.m */ = {isa = PBXFileReference; lastKnownFileType = sourcecode.c.objc; path = TaskOperator.m; sourceTree = "<group>"; };
		04B5019F243A14FE002AF22F /* FileDownloadItem.h */ = {isa = PBXFileReference; lastKnownFileType = sourcecode.c.h; path = FileDownloadItem.h; sourceTree = "<group>"; };
		04B501A0243A14FE002AF22F /* FileDownloadItem.m */ = {isa = PBXFileReference; lastKnownFileType = sourcecode.c.objc; path = FileDownloadItem.m; sourceTree = "<group>"; };
		04B501A3243A1840002AF22F /* TaskOperatorManager.h */ = {isa = PBXFileReference; lastKnownFileType = sourcecode.c.h; path = TaskOperatorManager.h; sourceTree = "<group>"; };
		04B501A4243A1840002AF22F /* TaskOperatorManager.m */ = {isa = PBXFileReference; lastKnownFileType = sourcecode.c.objc; path = TaskOperatorManager.m; sourceTree = "<group>"; };
		04B501A7243A239E002AF22F /* FileDownloadManager.h */ = {isa = PBXFileReference; lastKnownFileType = sourcecode.c.h; path = FileDownloadManager.h; sourceTree = "<group>"; };
		04B501A8243A239E002AF22F /* FileDownloadManager.m */ = {isa = PBXFileReference; lastKnownFileType = sourcecode.c.objc; path = FileDownloadManager.m; sourceTree = "<group>"; };
		04E165D82439A330006FE6F1 /* FileDownloadOperator.h */ = {isa = PBXFileReference; lastKnownFileType = sourcecode.c.h; path = FileDownloadOperator.h; sourceTree = "<group>"; };
		04E165D92439A330006FE6F1 /* FileDownloadOperator.m */ = {isa = PBXFileReference; lastKnownFileType = sourcecode.c.objc; path = FileDownloadOperator.m; sourceTree = "<group>"; };
		04E84FB724323F5C004557A3 /* FileDownloadCell.h */ = {isa = PBXFileReference; lastKnownFileType = sourcecode.c.h; path = FileDownloadCell.h; sourceTree = "<group>"; };
		04E84FB824323F5C004557A3 /* FileDownloadCell.m */ = {isa = PBXFileReference; lastKnownFileType = sourcecode.c.objc; path = FileDownloadCell.m; sourceTree = "<group>"; };
		04F79D7F24336F7E00517235 /* DownloadDataCache.h */ = {isa = PBXFileReference; lastKnownFileType = sourcecode.c.h; path = DownloadDataCache.h; sourceTree = "<group>"; };
		04F79D8024336F7E00517235 /* DownloadDataCache.m */ = {isa = PBXFileReference; lastKnownFileType = sourcecode.c.objc; path = DownloadDataCache.m; sourceTree = "<group>"; };
/* End PBXFileReference section */

/* Begin PBXFrameworksBuildPhase section */
		0417EF1E242DD0CA00587BE1 /* Frameworks */ = {
			isa = PBXFrameworksBuildPhase;
			buildActionMask = 2147483647;
			files = (
			);
			runOnlyForDeploymentPostprocessing = 0;
		};
		0417EF3C242DD0CA00587BE1 /* Frameworks */ = {
			isa = PBXFrameworksBuildPhase;
			buildActionMask = 2147483647;
			files = (
			);
			runOnlyForDeploymentPostprocessing = 0;
		};
/* End PBXFrameworksBuildPhase section */

/* Begin PBXGroup section */
		0417EF18242DD0CA00587BE1 = {
			isa = PBXGroup;
			children = (
				047806B1242F43D30054C9E1 /* Framework */,
				0417EF23242DD0CA00587BE1 /* Zalo-File Download Manager */,
				0417EF42242DD0CA00587BE1 /* Zalo-File Download ManagerTests */,
				0417EF22242DD0CA00587BE1 /* Products */,
			);
			sourceTree = "<group>";
		};
		0417EF22242DD0CA00587BE1 /* Products */ = {
			isa = PBXGroup;
			children = (
				0417EF21242DD0CA00587BE1 /* Zalo-File Download Manager.app */,
				0417EF3F242DD0CA00587BE1 /* Zalo-File Download ManagerTests.xctest */,
			);
			name = Products;
			sourceTree = "<group>";
		};
		0417EF23242DD0CA00587BE1 /* Zalo-File Download Manager */ = {
			isa = PBXGroup;
			children = (
				045A31252438C76C00F9E887 /* Base */,
				045A31242438C75C00F9E887 /* Manager */,
				0417EF4E242DD10C00587BE1 /* Pressentation */,
				0417EF57242DDF2800587BE1 /* Models */,
				04F79D7D24336F6300517235 /* Helper */,
				043E165E24323C2C003CDE74 /* AppConsts.h */,
				0417EF24242DD0CA00587BE1 /* AppDelegate.h */,
				0417EF25242DD0CA00587BE1 /* AppDelegate.m */,
				0417EF27242DD0CA00587BE1 /* SceneDelegate.h */,
				0417EF28242DD0CA00587BE1 /* SceneDelegate.m */,
				0417EF33242DD0CA00587BE1 /* Assets.xcassets */,
				0417EF35242DD0CA00587BE1 /* LaunchScreen.storyboard */,
				0417EF38242DD0CA00587BE1 /* Info.plist */,
				0417EF39242DD0CA00587BE1 /* main.m */,
				0417EF30242DD0CA00587BE1 /* Zalo_File_Download_Manager.xcdatamodeld */,
			);
			path = "Zalo-File Download Manager";
			sourceTree = "<group>";
		};
		0417EF42242DD0CA00587BE1 /* Zalo-File Download ManagerTests */ = {
			isa = PBXGroup;
			children = (
				0417EF43242DD0CA00587BE1 /* Zalo_File_Download_ManagerTests.m */,
				0417EF45242DD0CA00587BE1 /* Info.plist */,
			);
			path = "Zalo-File Download ManagerTests";
			sourceTree = "<group>";
		};
		0417EF4E242DD10C00587BE1 /* Pressentation */ = {
			isa = PBXGroup;
			children = (
				0417EF52242DD13300587BE1 /* Screens */,
				0417EF51242DD12C00587BE1 /* Fragments */,
			);
			path = Pressentation;
			sourceTree = "<group>";
		};
		0417EF51242DD12C00587BE1 /* Fragments */ = {
			isa = PBXGroup;
			children = (
				04E84FB724323F5C004557A3 /* FileDownloadCell.h */,
				04E84FB824323F5C004557A3 /* FileDownloadCell.m */,
			);
			path = Fragments;
			sourceTree = "<group>";
		};
		0417EF52242DD13300587BE1 /* Screens */ = {
			isa = PBXGroup;
			children = (
				0417EF53242DD15300587BE1 /* MainViewController.h */,
				0417EF54242DD15300587BE1 /* MainViewController.m */,
			);
			path = Screens;
			sourceTree = "<group>";
		};
		0417EF57242DDF2800587BE1 /* Models */ = {
			isa = PBXGroup;
			children = (
				043E165924323B92003CDE74 /* ViewModels */,
				0417EF58242DDF3300587BE1 /* Entities */,
			);
			path = Models;
			sourceTree = "<group>";
		};
		0417EF58242DDF3300587BE1 /* Entities */ = {
			isa = PBXGroup;
			children = (
			);
			path = Entities;
			sourceTree = "<group>";
		};
		043E15F624323B63003CDE74 /* NimbusKit */ = {
			isa = PBXGroup;
			children = (
				043E15F724323B63003CDE74 /* Core */,
				043E162524323B63003CDE74 /* Models */,
			);
			path = NimbusKit;
			sourceTree = "<group>";
		};
		043E15F724323B63003CDE74 /* Core */ = {
			isa = PBXGroup;
			children = (
				043E15F824323B63003CDE74 /* NINonEmptyCollectionTesting.h */,
				043E15F924323B63003CDE74 /* NICommonMetrics.m */,
				043E15FA24323B63003CDE74 /* NIViewRecycler.m */,
				043E15FB24323B63003CDE74 /* NIPreprocessorMacros.h */,
				043E15FC24323B63003CDE74 /* NIButtonUtilities.h */,
				043E15FD24323B63003CDE74 /* NIRuntimeClassModifications.h */,
				043E15FE24323B63003CDE74 /* NIOperations.m */,
				043E15FF24323B63003CDE74 /* NIState.h */,
				043E160024323B63003CDE74 /* NINetworkActivity.m */,
				043E160124323B63003CDE74 /* NIDebuggingTools.h */,
				043E160224323B63003CDE74 /* NIDeviceOrientation.m */,
				043E160324323B63003CDE74 /* NimbusCore+Additions.h */,
				043E160424323B63003CDE74 /* NIFoundationMethods.h */,
				043E160524323B63003CDE74 /* NIPaths.h */,
				043E160624323B63003CDE74 /* NIImageUtilities.h */,
				043E160724323B63003CDE74 /* NIError.m */,
				043E160824323B63003CDE74 /* UIResponder+NimbusCore.m */,
				043E160924323B63003CDE74 /* NISDKAvailability.h */,
				043E160A24323B63003CDE74 /* NISnapshotRotation.h */,
				043E160B24323B63003CDE74 /* NIActions.h */,
				043E160C24323B63003CDE74 /* NINonRetainingCollections.m */,
				043E160D24323B63003CDE74 /* NIInMemoryCache.h */,
				043E160E24323B63003CDE74 /* NIRuntimeClassModifications.m */,
				043E160F24323B63003CDE74 /* NimbusCore.h */,
				043E161024323B63003CDE74 /* NIButtonUtilities.m */,
				043E161124323B63003CDE74 /* NIViewRecycler.h */,
				043E161224323B63003CDE74 /* NICommonMetrics.h */,
				043E161324323B63003CDE74 /* NINonEmptyCollectionTesting.m */,
				043E161424323B63003CDE74 /* NINetworkActivity.h */,
				043E161524323B63003CDE74 /* NIState.m */,
				043E161624323B63003CDE74 /* NIOperations.h */,
				043E161724323B63003CDE74 /* NIImageUtilities.m */,
				043E161824323B63003CDE74 /* NIPaths.m */,
				043E161924323B63003CDE74 /* NIFoundationMethods.m */,
				043E161A24323B63003CDE74 /* NIDeviceOrientation.h */,
				043E161B24323B63003CDE74 /* NIDebuggingTools.m */,
				043E161C24323B63003CDE74 /* NIInMemoryCache.m */,
				043E161D24323B63003CDE74 /* NIOperations+Subclassing.h */,
				043E161E24323B63003CDE74 /* NINonRetainingCollections.h */,
				043E161F24323B63003CDE74 /* NIActions.m */,
				043E162024323B63003CDE74 /* NISnapshotRotation.m */,
				043E162124323B63003CDE74 /* NISDKAvailability.m */,
				043E162224323B63003CDE74 /* UIResponder+NimbusCore.h */,
				043E162324323B63003CDE74 /* NIError.h */,
				043E162424323B63003CDE74 /* NIActions+Subclassing.h */,
			);
			path = Core;
			sourceTree = "<group>";
		};
		043E162524323B63003CDE74 /* Models */ = {
			isa = PBXGroup;
			children = (
				043E162624323B63003CDE74 /* NIMutableTableViewModel.h */,
				043E162724323B63003CDE74 /* NICellFactory.h */,
				043E162824323B63003CDE74 /* NICellCatalog.m */,
				043E162924323B63003CDE74 /* NITableViewActions.m */,
				043E162A24323B63003CDE74 /* NIRadioGroupController.m */,
				043E162B24323B63003CDE74 /* NICellFactory+Private.h */,
				043E162C24323B63003CDE74 /* NITableViewModel.h */,
				043E162D24323B63003CDE74 /* NITableViewModel+Private.h */,
				043E162E24323B63003CDE74 /* NIRadioGroup.m */,
				043E162F24323B63003CDE74 /* NIFormCellCatalog.h */,
				043E163024323B63003CDE74 /* NimbusModels.h */,
				043E163124323B63003CDE74 /* NICellBackgrounds.h */,
				043E163224323B63003CDE74 /* NITableViewActions.h */,
				043E163324323B63003CDE74 /* NICellCatalog.h */,
				043E163424323B63003CDE74 /* NICellFactory.m */,
				043E163524323B63003CDE74 /* NIMutableTableViewModel.m */,
				043E163624323B63003CDE74 /* NIRadioGroupController.h */,
				043E163724323B63003CDE74 /* NIMutableTableViewModel+Private.h */,
				043E163824323B63003CDE74 /* NITableViewModel.m */,
				043E163924323B63003CDE74 /* NICellBackgrounds.m */,
				043E163A24323B63003CDE74 /* NIFormCellCatalog.m */,
				043E163B24323B63003CDE74 /* NIRadioGroup.h */,
			);
			path = Models;
			sourceTree = "<group>";
		};
		043E165924323B92003CDE74 /* ViewModels */ = {
			isa = PBXGroup;
			children = (
				043E165A24323BAD003CDE74 /* FileDownloadViewModel.h */,
				043E165B24323BAD003CDE74 /* FileDownloadViewModel.m */,
				040F461C2432E76E00321B75 /* FileDownloadTableViewModel.h */,
				040F461D2432E76E00321B75 /* FileDownloadTableViewModel.m */,
			);
			path = ViewModels;
			sourceTree = "<group>";
		};
		045A31242438C75C00F9E887 /* Manager */ = {
			isa = PBXGroup;
			children = (
				04B501A7243A239E002AF22F /* FileDownloadManager.h */,
				04B501A8243A239E002AF22F /* FileDownloadManager.m */,
				04E165D82439A330006FE6F1 /* FileDownloadOperator.h */,
				04E165D92439A330006FE6F1 /* FileDownloadOperator.m */,
				04B5019F243A14FE002AF22F /* FileDownloadItem.h */,
				04B501A0243A14FE002AF22F /* FileDownloadItem.m */,
			);
			path = Manager;
			sourceTree = "<group>";
		};
		045A31252438C76C00F9E887 /* Base */ = {
			isa = PBXGroup;
			children = (
				045A31262438C78000F9E887 /* TaskOperator.h */,
				045A31272438C78000F9E887 /* TaskOperator.m */,
				04B501A3243A1840002AF22F /* TaskOperatorManager.h */,
				04B501A4243A1840002AF22F /* TaskOperatorManager.m */,
			);
			path = Base;
			sourceTree = "<group>";
		};
		047806B1242F43D30054C9E1 /* Framework */ = {
			isa = PBXGroup;
			children = (
				043E15F624323B63003CDE74 /* NimbusKit */,
			);
			path = Framework;
			sourceTree = "<group>";
		};
		04F79D7D24336F6300517235 /* Helper */ = {
			isa = PBXGroup;
			children = (
				04F79D7E24336F6C00517235 /* Caching */,
			);
			path = Helper;
			sourceTree = "<group>";
		};
		04F79D7E24336F6C00517235 /* Caching */ = {
			isa = PBXGroup;
			children = (
				04F79D7F24336F7E00517235 /* DownloadDataCache.h */,
				04F79D8024336F7E00517235 /* DownloadDataCache.m */,
			);
			path = Caching;
			sourceTree = "<group>";
		};
/* End PBXGroup section */

/* Begin PBXNativeTarget section */
		0417EF20242DD0CA00587BE1 /* Zalo-File Download Manager */ = {
			isa = PBXNativeTarget;
			buildConfigurationList = 0417EF48242DD0CA00587BE1 /* Build configuration list for PBXNativeTarget "Zalo-File Download Manager" */;
			buildPhases = (
				0417EF1D242DD0CA00587BE1 /* Sources */,
				0417EF1E242DD0CA00587BE1 /* Frameworks */,
				0417EF1F242DD0CA00587BE1 /* Resources */,
			);
			buildRules = (
			);
			dependencies = (
			);
			name = "Zalo-File Download Manager";
			productName = "Zalo-File Download Manager";
			productReference = 0417EF21242DD0CA00587BE1 /* Zalo-File Download Manager.app */;
			productType = "com.apple.product-type.application";
		};
		0417EF3E242DD0CA00587BE1 /* Zalo-File Download ManagerTests */ = {
			isa = PBXNativeTarget;
			buildConfigurationList = 0417EF4B242DD0CA00587BE1 /* Build configuration list for PBXNativeTarget "Zalo-File Download ManagerTests" */;
			buildPhases = (
				0417EF3B242DD0CA00587BE1 /* Sources */,
				0417EF3C242DD0CA00587BE1 /* Frameworks */,
				0417EF3D242DD0CA00587BE1 /* Resources */,
			);
			buildRules = (
			);
			dependencies = (
				0417EF41242DD0CA00587BE1 /* PBXTargetDependency */,
			);
			name = "Zalo-File Download ManagerTests";
			productName = "Zalo-File Download ManagerTests";
			productReference = 0417EF3F242DD0CA00587BE1 /* Zalo-File Download ManagerTests.xctest */;
			productType = "com.apple.product-type.bundle.unit-test";
		};
/* End PBXNativeTarget section */

/* Begin PBXProject section */
		0417EF19242DD0CA00587BE1 /* Project object */ = {
			isa = PBXProject;
			attributes = {
				LastUpgradeCheck = 1130;
				ORGANIZATIONNAME = "Trần Đình Tôn Hiếu";
				TargetAttributes = {
					0417EF20242DD0CA00587BE1 = {
						CreatedOnToolsVersion = 11.3.1;
					};
					0417EF3E242DD0CA00587BE1 = {
						CreatedOnToolsVersion = 11.3.1;
						TestTargetID = 0417EF20242DD0CA00587BE1;
					};
				};
			};
			buildConfigurationList = 0417EF1C242DD0CA00587BE1 /* Build configuration list for PBXProject "Zalo-File Download Manager" */;
			compatibilityVersion = "Xcode 9.3";
			developmentRegion = en;
			hasScannedForEncodings = 0;
			knownRegions = (
				en,
				Base,
			);
			mainGroup = 0417EF18242DD0CA00587BE1;
			productRefGroup = 0417EF22242DD0CA00587BE1 /* Products */;
			projectDirPath = "";
			projectRoot = "";
			targets = (
				0417EF20242DD0CA00587BE1 /* Zalo-File Download Manager */,
				0417EF3E242DD0CA00587BE1 /* Zalo-File Download ManagerTests */,
			);
		};
/* End PBXProject section */

/* Begin PBXResourcesBuildPhase section */
		0417EF1F242DD0CA00587BE1 /* Resources */ = {
			isa = PBXResourcesBuildPhase;
			buildActionMask = 2147483647;
			files = (
				0417EF37242DD0CA00587BE1 /* LaunchScreen.storyboard in Resources */,
				0417EF34242DD0CA00587BE1 /* Assets.xcassets in Resources */,
			);
			runOnlyForDeploymentPostprocessing = 0;
		};
		0417EF3D242DD0CA00587BE1 /* Resources */ = {
			isa = PBXResourcesBuildPhase;
			buildActionMask = 2147483647;
			files = (
			);
			runOnlyForDeploymentPostprocessing = 0;
		};
/* End PBXResourcesBuildPhase section */

/* Begin PBXSourcesBuildPhase section */
		0417EF1D242DD0CA00587BE1 /* Sources */ = {
			isa = PBXSourcesBuildPhase;
			buildActionMask = 2147483647;
			files = (
				0417EF3A242DD0CA00587BE1 /* main.m in Sources */,
				043E164624323B63003CDE74 /* NINonEmptyCollectionTesting.m in Sources */,
				043E165424323B63003CDE74 /* NICellFactory.m in Sources */,
				043E165124323B63003CDE74 /* NITableViewActions.m in Sources */,
				043E165724323B63003CDE74 /* NICellBackgrounds.m in Sources */,
				043E165624323B63003CDE74 /* NITableViewModel.m in Sources */,
				0417EF32242DD0CA00587BE1 /* Zalo_File_Download_Manager.xcdatamodeld in Sources */,
				04B501A5243A1840002AF22F /* TaskOperatorManager.m in Sources */,
				0417EF26242DD0CA00587BE1 /* AppDelegate.m in Sources */,
				04B501A1243A14FE002AF22F /* FileDownloadItem.m in Sources */,
				043E165C24323BAD003CDE74 /* FileDownloadViewModel.m in Sources */,
				04B501A9243A239E002AF22F /* FileDownloadManager.m in Sources */,
				043E164D24323B63003CDE74 /* NIActions.m in Sources */,
				043E164E24323B63003CDE74 /* NISnapshotRotation.m in Sources */,
				043E164524323B63003CDE74 /* NIButtonUtilities.m in Sources */,
				0417EF55242DD15300587BE1 /* MainViewController.m in Sources */,
				043E165224323B63003CDE74 /* NIRadioGroupController.m in Sources */,
				043E164824323B63003CDE74 /* NIImageUtilities.m in Sources */,
				04E84FB924323F5C004557A3 /* FileDownloadCell.m in Sources */,
				043E165824323B63003CDE74 /* NIFormCellCatalog.m in Sources */,
				0417EF29242DD0CA00587BE1 /* SceneDelegate.m in Sources */,
				043E164B24323B63003CDE74 /* NIDebuggingTools.m in Sources */,
				043E165024323B63003CDE74 /* NICellCatalog.m in Sources */,
				043E164024323B63003CDE74 /* NIDeviceOrientation.m in Sources */,
				045A31282438C78000F9E887 /* TaskOperator.m in Sources */,
				043E165524323B63003CDE74 /* NIMutableTableViewModel.m in Sources */,
				043E164424323B63003CDE74 /* NIRuntimeClassModifications.m in Sources */,
				043E164324323B63003CDE74 /* NINonRetainingCollections.m in Sources */,
				043E164224323B63003CDE74 /* UIResponder+NimbusCore.m in Sources */,
				040F461E2432E76E00321B75 /* FileDownloadTableViewModel.m in Sources */,
				043E164F24323B63003CDE74 /* NISDKAvailability.m in Sources */,
				04E165DA2439A330006FE6F1 /* FileDownloadOperator.m in Sources */,
				043E164924323B63003CDE74 /* NIPaths.m in Sources */,
				043E164124323B63003CDE74 /* NIError.m in Sources */,
				043E164C24323B63003CDE74 /* NIInMemoryCache.m in Sources */,
				043E163F24323B63003CDE74 /* NINetworkActivity.m in Sources */,
				043E164724323B63003CDE74 /* NIState.m in Sources */,
				043E163E24323B63003CDE74 /* NIOperations.m in Sources */,
				043E165324323B63003CDE74 /* NIRadioGroup.m in Sources */,
				043E163D24323B63003CDE74 /* NIViewRecycler.m in Sources */,
				04F79D8124336F7E00517235 /* DownloadDataCache.m in Sources */,
				043E164A24323B63003CDE74 /* NIFoundationMethods.m in Sources */,
				043E163C24323B63003CDE74 /* NICommonMetrics.m in Sources */,
			);
			runOnlyForDeploymentPostprocessing = 0;
		};
		0417EF3B242DD0CA00587BE1 /* Sources */ = {
			isa = PBXSourcesBuildPhase;
			buildActionMask = 2147483647;
			files = (
				043E165D24323BAD003CDE74 /* FileDownloadViewModel.m in Sources */,
				04F79D8224336F7E00517235 /* DownloadDataCache.m in Sources */,
				04E165DB2439A330006FE6F1 /* FileDownloadOperator.m in Sources */,
				0417EF44242DD0CA00587BE1 /* Zalo_File_Download_ManagerTests.m in Sources */,
				04B501A2243A14FE002AF22F /* FileDownloadItem.m in Sources */,
				04B501AA243A239E002AF22F /* FileDownloadManager.m in Sources */,
				04B501A6243A1840002AF22F /* TaskOperatorManager.m in Sources */,
				040F461F2432E76E00321B75 /* FileDownloadTableViewModel.m in Sources */,
				04E84FBA24323F5C004557A3 /* FileDownloadCell.m in Sources */,
				045A31292438C78000F9E887 /* TaskOperator.m in Sources */,
				0417EF56242DD15300587BE1 /* MainViewController.m in Sources */,
			);
			runOnlyForDeploymentPostprocessing = 0;
		};
/* End PBXSourcesBuildPhase section */

/* Begin PBXTargetDependency section */
		0417EF41242DD0CA00587BE1 /* PBXTargetDependency */ = {
			isa = PBXTargetDependency;
			target = 0417EF20242DD0CA00587BE1 /* Zalo-File Download Manager */;
			targetProxy = 0417EF40242DD0CA00587BE1 /* PBXContainerItemProxy */;
		};
/* End PBXTargetDependency section */

/* Begin PBXVariantGroup section */
		0417EF35242DD0CA00587BE1 /* LaunchScreen.storyboard */ = {
			isa = PBXVariantGroup;
			children = (
				0417EF36242DD0CA00587BE1 /* Base */,
			);
			name = LaunchScreen.storyboard;
			sourceTree = "<group>";
		};
/* End PBXVariantGroup section */

/* Begin XCBuildConfiguration section */
		0417EF46242DD0CA00587BE1 /* Debug */ = {
			isa = XCBuildConfiguration;
			buildSettings = {
				ALWAYS_SEARCH_USER_PATHS = NO;
				CLANG_ANALYZER_NONNULL = YES;
				CLANG_ANALYZER_NUMBER_OBJECT_CONVERSION = YES_AGGRESSIVE;
				CLANG_CXX_LANGUAGE_STANDARD = "gnu++14";
				CLANG_CXX_LIBRARY = "libc++";
				CLANG_ENABLE_MODULES = YES;
				CLANG_ENABLE_OBJC_ARC = YES;
				CLANG_ENABLE_OBJC_WEAK = YES;
				CLANG_WARN_BLOCK_CAPTURE_AUTORELEASING = YES;
				CLANG_WARN_BOOL_CONVERSION = YES;
				CLANG_WARN_COMMA = YES;
				CLANG_WARN_CONSTANT_CONVERSION = YES;
				CLANG_WARN_DEPRECATED_OBJC_IMPLEMENTATIONS = YES;
				CLANG_WARN_DIRECT_OBJC_ISA_USAGE = YES_ERROR;
				CLANG_WARN_DOCUMENTATION_COMMENTS = YES;
				CLANG_WARN_EMPTY_BODY = YES;
				CLANG_WARN_ENUM_CONVERSION = YES;
				CLANG_WARN_INFINITE_RECURSION = YES;
				CLANG_WARN_INT_CONVERSION = YES;
				CLANG_WARN_NON_LITERAL_NULL_CONVERSION = YES;
				CLANG_WARN_OBJC_IMPLICIT_RETAIN_SELF = YES;
				CLANG_WARN_OBJC_LITERAL_CONVERSION = YES;
				CLANG_WARN_OBJC_ROOT_CLASS = YES_ERROR;
				CLANG_WARN_RANGE_LOOP_ANALYSIS = YES;
				CLANG_WARN_STRICT_PROTOTYPES = YES;
				CLANG_WARN_SUSPICIOUS_MOVE = YES;
				CLANG_WARN_UNGUARDED_AVAILABILITY = YES_AGGRESSIVE;
				CLANG_WARN_UNREACHABLE_CODE = YES;
				CLANG_WARN__DUPLICATE_METHOD_MATCH = YES;
				COPY_PHASE_STRIP = NO;
				DEBUG_INFORMATION_FORMAT = dwarf;
				ENABLE_STRICT_OBJC_MSGSEND = YES;
				ENABLE_TESTABILITY = YES;
				GCC_C_LANGUAGE_STANDARD = gnu11;
				GCC_DYNAMIC_NO_PIC = NO;
				GCC_NO_COMMON_BLOCKS = YES;
				GCC_OPTIMIZATION_LEVEL = 0;
				GCC_PREPROCESSOR_DEFINITIONS = (
					"DEBUG=1",
					"$(inherited)",
				);
				GCC_WARN_64_TO_32_BIT_CONVERSION = YES;
				GCC_WARN_ABOUT_RETURN_TYPE = YES_ERROR;
				GCC_WARN_UNDECLARED_SELECTOR = YES;
				GCC_WARN_UNINITIALIZED_AUTOS = YES_AGGRESSIVE;
				GCC_WARN_UNUSED_FUNCTION = YES;
				GCC_WARN_UNUSED_VARIABLE = YES;
				IPHONEOS_DEPLOYMENT_TARGET = 13.2;
				MTL_ENABLE_DEBUG_INFO = INCLUDE_SOURCE;
				MTL_FAST_MATH = YES;
				ONLY_ACTIVE_ARCH = YES;
				SDKROOT = iphoneos;
			};
			name = Debug;
		};
		0417EF47242DD0CA00587BE1 /* Release */ = {
			isa = XCBuildConfiguration;
			buildSettings = {
				ALWAYS_SEARCH_USER_PATHS = NO;
				CLANG_ANALYZER_NONNULL = YES;
				CLANG_ANALYZER_NUMBER_OBJECT_CONVERSION = YES_AGGRESSIVE;
				CLANG_CXX_LANGUAGE_STANDARD = "gnu++14";
				CLANG_CXX_LIBRARY = "libc++";
				CLANG_ENABLE_MODULES = YES;
				CLANG_ENABLE_OBJC_ARC = YES;
				CLANG_ENABLE_OBJC_WEAK = YES;
				CLANG_WARN_BLOCK_CAPTURE_AUTORELEASING = YES;
				CLANG_WARN_BOOL_CONVERSION = YES;
				CLANG_WARN_COMMA = YES;
				CLANG_WARN_CONSTANT_CONVERSION = YES;
				CLANG_WARN_DEPRECATED_OBJC_IMPLEMENTATIONS = YES;
				CLANG_WARN_DIRECT_OBJC_ISA_USAGE = YES_ERROR;
				CLANG_WARN_DOCUMENTATION_COMMENTS = YES;
				CLANG_WARN_EMPTY_BODY = YES;
				CLANG_WARN_ENUM_CONVERSION = YES;
				CLANG_WARN_INFINITE_RECURSION = YES;
				CLANG_WARN_INT_CONVERSION = YES;
				CLANG_WARN_NON_LITERAL_NULL_CONVERSION = YES;
				CLANG_WARN_OBJC_IMPLICIT_RETAIN_SELF = YES;
				CLANG_WARN_OBJC_LITERAL_CONVERSION = YES;
				CLANG_WARN_OBJC_ROOT_CLASS = YES_ERROR;
				CLANG_WARN_RANGE_LOOP_ANALYSIS = YES;
				CLANG_WARN_STRICT_PROTOTYPES = YES;
				CLANG_WARN_SUSPICIOUS_MOVE = YES;
				CLANG_WARN_UNGUARDED_AVAILABILITY = YES_AGGRESSIVE;
				CLANG_WARN_UNREACHABLE_CODE = YES;
				CLANG_WARN__DUPLICATE_METHOD_MATCH = YES;
				COPY_PHASE_STRIP = NO;
				DEBUG_INFORMATION_FORMAT = "dwarf-with-dsym";
				ENABLE_NS_ASSERTIONS = NO;
				ENABLE_STRICT_OBJC_MSGSEND = YES;
				GCC_C_LANGUAGE_STANDARD = gnu11;
				GCC_NO_COMMON_BLOCKS = YES;
				GCC_WARN_64_TO_32_BIT_CONVERSION = YES;
				GCC_WARN_ABOUT_RETURN_TYPE = YES_ERROR;
				GCC_WARN_UNDECLARED_SELECTOR = YES;
				GCC_WARN_UNINITIALIZED_AUTOS = YES_AGGRESSIVE;
				GCC_WARN_UNUSED_FUNCTION = YES;
				GCC_WARN_UNUSED_VARIABLE = YES;
				IPHONEOS_DEPLOYMENT_TARGET = 13.2;
				MTL_ENABLE_DEBUG_INFO = NO;
				MTL_FAST_MATH = YES;
				SDKROOT = iphoneos;
				VALIDATE_PRODUCT = YES;
			};
			name = Release;
		};
		0417EF49242DD0CA00587BE1 /* Debug */ = {
			isa = XCBuildConfiguration;
			buildSettings = {
				ASSETCATALOG_COMPILER_APPICON_NAME = AppIcon;
				CODE_SIGN_STYLE = Automatic;
				DEVELOPMENT_TEAM = VC54UPHUD4;
				INFOPLIST_FILE = "Zalo-File Download Manager/Info.plist";
				LD_RUNPATH_SEARCH_PATHS = (
					"$(inherited)",
					"@executable_path/Frameworks",
				);
				PRODUCT_BUNDLE_IDENTIFIER = "zalo.hieutdt.Zalo-File-Download-Manager";
				PRODUCT_NAME = "$(TARGET_NAME)";
				TARGETED_DEVICE_FAMILY = "1,2";
			};
			name = Debug;
		};
		0417EF4A242DD0CA00587BE1 /* Release */ = {
			isa = XCBuildConfiguration;
			buildSettings = {
				ASSETCATALOG_COMPILER_APPICON_NAME = AppIcon;
				CODE_SIGN_STYLE = Automatic;
				DEVELOPMENT_TEAM = VC54UPHUD4;
				INFOPLIST_FILE = "Zalo-File Download Manager/Info.plist";
				LD_RUNPATH_SEARCH_PATHS = (
					"$(inherited)",
					"@executable_path/Frameworks",
				);
				PRODUCT_BUNDLE_IDENTIFIER = "zalo.hieutdt.Zalo-File-Download-Manager";
				PRODUCT_NAME = "$(TARGET_NAME)";
				TARGETED_DEVICE_FAMILY = "1,2";
			};
			name = Release;
		};
		0417EF4C242DD0CA00587BE1 /* Debug */ = {
			isa = XCBuildConfiguration;
			buildSettings = {
				BUNDLE_LOADER = "$(TEST_HOST)";
				CODE_SIGN_STYLE = Automatic;
				DEVELOPMENT_TEAM = VC54UPHUD4;
				INFOPLIST_FILE = "Zalo-File Download ManagerTests/Info.plist";
				IPHONEOS_DEPLOYMENT_TARGET = 13.2;
				LD_RUNPATH_SEARCH_PATHS = (
					"$(inherited)",
					"@executable_path/Frameworks",
					"@loader_path/Frameworks",
				);
				PRODUCT_BUNDLE_IDENTIFIER = "zalo.hieutdt.Zalo-File-Download-ManagerTests";
				PRODUCT_NAME = "$(TARGET_NAME)";
				TARGETED_DEVICE_FAMILY = "1,2";
				TEST_HOST = "$(BUILT_PRODUCTS_DIR)/Zalo-File Download Manager.app/Zalo-File Download Manager";
			};
			name = Debug;
		};
		0417EF4D242DD0CA00587BE1 /* Release */ = {
			isa = XCBuildConfiguration;
			buildSettings = {
				BUNDLE_LOADER = "$(TEST_HOST)";
				CODE_SIGN_STYLE = Automatic;
				DEVELOPMENT_TEAM = VC54UPHUD4;
				INFOPLIST_FILE = "Zalo-File Download ManagerTests/Info.plist";
				IPHONEOS_DEPLOYMENT_TARGET = 13.2;
				LD_RUNPATH_SEARCH_PATHS = (
					"$(inherited)",
					"@executable_path/Frameworks",
					"@loader_path/Frameworks",
				);
				PRODUCT_BUNDLE_IDENTIFIER = "zalo.hieutdt.Zalo-File-Download-ManagerTests";
				PRODUCT_NAME = "$(TARGET_NAME)";
				TARGETED_DEVICE_FAMILY = "1,2";
				TEST_HOST = "$(BUILT_PRODUCTS_DIR)/Zalo-File Download Manager.app/Zalo-File Download Manager";
			};
			name = Release;
		};
/* End XCBuildConfiguration section */

/* Begin XCConfigurationList section */
		0417EF1C242DD0CA00587BE1 /* Build configuration list for PBXProject "Zalo-File Download Manager" */ = {
			isa = XCConfigurationList;
			buildConfigurations = (
				0417EF46242DD0CA00587BE1 /* Debug */,
				0417EF47242DD0CA00587BE1 /* Release */,
			);
			defaultConfigurationIsVisible = 0;
			defaultConfigurationName = Release;
		};
		0417EF48242DD0CA00587BE1 /* Build configuration list for PBXNativeTarget "Zalo-File Download Manager" */ = {
			isa = XCConfigurationList;
			buildConfigurations = (
				0417EF49242DD0CA00587BE1 /* Debug */,
				0417EF4A242DD0CA00587BE1 /* Release */,
			);
			defaultConfigurationIsVisible = 0;
			defaultConfigurationName = Release;
		};
		0417EF4B242DD0CA00587BE1 /* Build configuration list for PBXNativeTarget "Zalo-File Download ManagerTests" */ = {
			isa = XCConfigurationList;
			buildConfigurations = (
				0417EF4C242DD0CA00587BE1 /* Debug */,
				0417EF4D242DD0CA00587BE1 /* Release */,
			);
			defaultConfigurationIsVisible = 0;
			defaultConfigurationName = Release;
		};
/* End XCConfigurationList section */

/* Begin XCVersionGroup section */
		0417EF30242DD0CA00587BE1 /* Zalo_File_Download_Manager.xcdatamodeld */ = {
			isa = XCVersionGroup;
			children = (
				0417EF31242DD0CA00587BE1 /* Zalo_File_Download_Manager.xcdatamodel */,
			);
			currentVersion = 0417EF31242DD0CA00587BE1 /* Zalo_File_Download_Manager.xcdatamodel */;
			path = Zalo_File_Download_Manager.xcdatamodeld;
			sourceTree = "<group>";
			versionGroupType = wrapper.xcdatamodel;
		};
/* End XCVersionGroup section */
	};
	rootObject = 0417EF19242DD0CA00587BE1 /* Project object */;
}
